
Microsoft Visual Studio Solution File, Format Version 10.00
# Visual Studio 2008
Project("{FAE04EC0-301F-11D3-BF4B-00C04F79EFBC}") = "LibBitTorrent", "LibBitTorrent\LibBitTorrent.csproj", "{5CDF688F-F74C-4D96-B2F3-E3972EF4BCD2}"
EndProject
Project("{FAE04EC0-301F-11D3-BF4B-00C04F79EFBC}") = "UserInterface", "UserInterface\UserInterface.csproj", "{C159EA22-4AEC-4FE1-8ECC-8F5914280A0C}"
EndProject
Project("{FAE04EC0-301F-11D3-BF4B-00C04F79EFBC}") = "Utility", "Utility\Utility.csproj", "{0D4C1D4D-C2E1-4394-B548-DCF84CEE6960}"
EndProject
Project("{FAE04EC0-301F-11D3-BF4B-00C04F79EFBC}") = "UnitTest", "UnitTest\UnitTest.csproj", "{69393B68-53E2-488B-86D1-4B78C14CECFF}"
EndProject
Global
	GlobalSection(TeamFoundationVersionControl) = preSolution
		SccNumberOfProjects = 5
		SccEnterpriseProvider = {4CA58AB2-18FA-4F8D-95D4-32DDF27D184C}
		SccTeamFoundationServer = https://tfs03.codeplex.com/
		SccLocalPath0 = .
		SccProjectUniqueName1 = LibBitTorrent\\LibBitTorrent.csproj
		SccProjectName1 = LibBitTorrent
		SccLocalPath1 = LibBitTorrent
		SccProjectUniqueName2 = UserInterface\\UserInterface.csproj
		SccProjectName2 = UserInterface
		SccLocalPath2 = UserInterface
		SccProjectUniqueName3 = Utility\\Utility.csproj
		SccProjectName3 = Utility
		SccLocalPath3 = Utility
		SccProjectUniqueName4 = UnitTest\\UnitTest.csproj
		SccProjectName4 = UnitTest
		SccLocalPath4 = UnitTest
	EndGlobalSection
	GlobalSection(SolutionConfigurationPlatforms) = preSolution
		Debug|Any CPU = Debug|Any CPU
		Release|Any CPU = Release|Any CPU
	EndGlobalSection
	GlobalSection(ProjectConfigurationPlatforms) = postSolution
		{5CDF688F-F74C-4D96-B2F3-E3972EF4BCD2}.Debug|Any CPU.ActiveCfg = Debug|Any CPU
		{5CDF688F-F74C-4D96-B2F3-E3972EF4BCD2}.Debug|Any CPU.Build.0 = Debug|Any CPU
		{5CDF688F-F74C-4D96-B2F3-E3972EF4BCD2}.Release|Any CPU.ActiveCfg = Release|Any CPU
		{5CDF688F-F74C-4D96-B2F3-E3972EF4BCD2}.Release|Any CPU.Build.0 = Release|Any CPU
		{C159EA22-4AEC-4FE1-8ECC-8F5914280A0C}.Debug|Any CPU.ActiveCfg = Debug|Any CPU
		{C159EA22-4AEC-4FE1-8ECC-8F5914280A0C}.Debug|Any CPU.Build.0 = Debug|Any CPU
		{C159EA22-4AEC-4FE1-8ECC-8F5914280A0C}.Release|Any CPU.ActiveCfg = Release|Any CPU
		{C159EA22-4AEC-4FE1-8ECC-8F5914280A0C}.Release|Any CPU.Build.0 = Release|Any CPU
		{0D4C1D4D-C2E1-4394-B548-DCF84CEE6960}.Debug|Any CPU.ActiveCfg = Debug|Any CPU
		{0D4C1D4D-C2E1-4394-B548-DCF84CEE6960}.Debug|Any CPU.Build.0 = Debug|Any CPU
		{0D4C1D4D-C2E1-4394-B548-DCF84CEE6960}.Release|Any CPU.ActiveCfg = Release|Any CPU
		{0D4C1D4D-C2E1-4394-B548-DCF84CEE6960}.Release|Any CPU.Build.0 = Release|Any CPU
		{69393B68-53E2-488B-86D1-4B78C14CECFF}.Debug|Any CPU.ActiveCfg = Debug|Any CPU
		{69393B68-53E2-488B-86D1-4B78C14CECFF}.Debug|Any CPU.Build.0 = Debug|Any CPU
		{69393B68-53E2-488B-86D1-4B78C14CECFF}.Release|Any CPU.ActiveCfg = Release|Any CPU
		{69393B68-53E2-488B-86D1-4B78C14CECFF}.Release|Any CPU.Build.0 = Release|Any CPU
	EndGlobalSection
	GlobalSection(SolutionProperties) = preSolution
		HideSolutionNode = FALSE
	EndGlobalSection
EndGlobal
