
Microsoft Visual Studio Solution File, Format Version 12.00
# Visual Studio 11
Project("{FAE04EC0-301F-11D3-BF4B-00C04F79EFBC}") = "LibBitTorrent", "LibBitTorrent\LibBitTorrent.csproj", "{5CDF688F-F74C-4D96-B2F3-E3972EF4BCD2}"
EndProject
Project("{FAE04EC0-301F-11D3-BF4B-00C04F79EFBC}") = "Utility", "Utility\Utility.csproj", "{0D4C1D4D-C2E1-4394-B548-DCF84CEE6960}"
EndProject
Project("{FAE04EC0-301F-11D3-BF4B-00C04F79EFBC}") = "LibGnutella", "LibGnutella\LibGnutella.csproj", "{FD1DB004-06AB-4C9E-B677-57C11885CB67}"
EndProject
Project("{FAE04EC0-301F-11D3-BF4B-00C04F79EFBC}") = "LibEMule", "LibEMule\LibEMule.csproj", "{B2E81DEA-CA53-444A-AD7B-EAA63777C1F7}"
EndProject
Project("{FAE04EC0-301F-11D3-BF4B-00C04F79EFBC}") = "LibOverNet", "LibOverNet\LibOverNet.csproj", "{C52CEC73-DB0A-4010-8202-5FBE10AD4F9C}"
EndProject
Project("{FAE04EC0-301F-11D3-BF4B-00C04F79EFBC}") = "UnitTest", "UnitTest\UnitTest.csproj", "{753201B6-47D9-48A2-BE3D-79D7A0495886}"
EndProject
Project("{FAE04EC0-301F-11D3-BF4B-00C04F79EFBC}") = "TestProgram", "TestProgram\TestProgram.csproj", "{3B0E8218-9E0F-4BDD-B09B-46BDA87AB052}"
EndProject
Global
	GlobalSection(SubversionScc) = preSolution
		Manager = AnkhSVN - Subversion Support for Visual Studio
		Svn-Managed = True
	EndGlobalSection
	GlobalSection(SolutionConfigurationPlatforms) = preSolution
		Debug|Any CPU = Debug|Any CPU
		Debug|Mixed Platforms = Debug|Mixed Platforms
		Debug|x86 = Debug|x86
		Release|Any CPU = Release|Any CPU
		Release|Mixed Platforms = Release|Mixed Platforms
		Release|x86 = Release|x86
	EndGlobalSection
	GlobalSection(ProjectConfigurationPlatforms) = postSolution
		{0D4C1D4D-C2E1-4394-B548-DCF84CEE6960}.Debug|Any CPU.ActiveCfg = Debug|Any CPU
		{0D4C1D4D-C2E1-4394-B548-DCF84CEE6960}.Debug|Any CPU.Build.0 = Debug|Any CPU
		{0D4C1D4D-C2E1-4394-B548-DCF84CEE6960}.Debug|Mixed Platforms.ActiveCfg = Debug|Any CPU
		{0D4C1D4D-C2E1-4394-B548-DCF84CEE6960}.Debug|Mixed Platforms.Build.0 = Debug|Any CPU
		{0D4C1D4D-C2E1-4394-B548-DCF84CEE6960}.Debug|x86.ActiveCfg = Debug|Any CPU
		{0D4C1D4D-C2E1-4394-B548-DCF84CEE6960}.Release|Any CPU.ActiveCfg = Release|Any CPU
		{0D4C1D4D-C2E1-4394-B548-DCF84CEE6960}.Release|Any CPU.Build.0 = Release|Any CPU
		{0D4C1D4D-C2E1-4394-B548-DCF84CEE6960}.Release|Mixed Platforms.ActiveCfg = Release|Any CPU
		{0D4C1D4D-C2E1-4394-B548-DCF84CEE6960}.Release|Mixed Platforms.Build.0 = Release|Any CPU
		{0D4C1D4D-C2E1-4394-B548-DCF84CEE6960}.Release|x86.ActiveCfg = Release|Any CPU
		{3B0E8218-9E0F-4BDD-B09B-46BDA87AB052}.Debug|Any CPU.ActiveCfg = Debug|x86
		{3B0E8218-9E0F-4BDD-B09B-46BDA87AB052}.Debug|Mixed Platforms.ActiveCfg = Debug|x86
		{3B0E8218-9E0F-4BDD-B09B-46BDA87AB052}.Debug|Mixed Platforms.Build.0 = Debug|x86
		{3B0E8218-9E0F-4BDD-B09B-46BDA87AB052}.Debug|x86.ActiveCfg = Debug|x86
		{3B0E8218-9E0F-4BDD-B09B-46BDA87AB052}.Debug|x86.Build.0 = Debug|x86
		{3B0E8218-9E0F-4BDD-B09B-46BDA87AB052}.Release|Any CPU.ActiveCfg = Release|x86
		{3B0E8218-9E0F-4BDD-B09B-46BDA87AB052}.Release|Mixed Platforms.ActiveCfg = Release|x86
		{3B0E8218-9E0F-4BDD-B09B-46BDA87AB052}.Release|Mixed Platforms.Build.0 = Release|x86
		{3B0E8218-9E0F-4BDD-B09B-46BDA87AB052}.Release|x86.ActiveCfg = Release|x86
		{3B0E8218-9E0F-4BDD-B09B-46BDA87AB052}.Release|x86.Build.0 = Release|x86
		{5CDF688F-F74C-4D96-B2F3-E3972EF4BCD2}.Debug|Any CPU.ActiveCfg = Debug|Any CPU
		{5CDF688F-F74C-4D96-B2F3-E3972EF4BCD2}.Debug|Any CPU.Build.0 = Debug|Any CPU
		{5CDF688F-F74C-4D96-B2F3-E3972EF4BCD2}.Debug|Mixed Platforms.ActiveCfg = Debug|Any CPU
		{5CDF688F-F74C-4D96-B2F3-E3972EF4BCD2}.Debug|Mixed Platforms.Build.0 = Debug|Any CPU
		{5CDF688F-F74C-4D96-B2F3-E3972EF4BCD2}.Debug|x86.ActiveCfg = Debug|Any CPU
		{5CDF688F-F74C-4D96-B2F3-E3972EF4BCD2}.Release|Any CPU.ActiveCfg = Release|Any CPU
		{5CDF688F-F74C-4D96-B2F3-E3972EF4BCD2}.Release|Any CPU.Build.0 = Release|Any CPU
		{5CDF688F-F74C-4D96-B2F3-E3972EF4BCD2}.Release|Mixed Platforms.ActiveCfg = Release|Any CPU
		{5CDF688F-F74C-4D96-B2F3-E3972EF4BCD2}.Release|Mixed Platforms.Build.0 = Release|Any CPU
		{5CDF688F-F74C-4D96-B2F3-E3972EF4BCD2}.Release|x86.ActiveCfg = Release|Any CPU
		{753201B6-47D9-48A2-BE3D-79D7A0495886}.Debug|Any CPU.ActiveCfg = Debug|Any CPU
		{753201B6-47D9-48A2-BE3D-79D7A0495886}.Debug|Any CPU.Build.0 = Debug|Any CPU
		{753201B6-47D9-48A2-BE3D-79D7A0495886}.Debug|Mixed Platforms.ActiveCfg = Debug|Any CPU
		{753201B6-47D9-48A2-BE3D-79D7A0495886}.Debug|Mixed Platforms.Build.0 = Debug|Any CPU
		{753201B6-47D9-48A2-BE3D-79D7A0495886}.Debug|x86.ActiveCfg = Debug|Any CPU
		{753201B6-47D9-48A2-BE3D-79D7A0495886}.Release|Any CPU.ActiveCfg = Release|Any CPU
		{753201B6-47D9-48A2-BE3D-79D7A0495886}.Release|Any CPU.Build.0 = Release|Any CPU
		{753201B6-47D9-48A2-BE3D-79D7A0495886}.Release|Mixed Platforms.ActiveCfg = Release|Any CPU
		{753201B6-47D9-48A2-BE3D-79D7A0495886}.Release|Mixed Platforms.Build.0 = Release|Any CPU
		{753201B6-47D9-48A2-BE3D-79D7A0495886}.Release|x86.ActiveCfg = Release|Any CPU
		{B2E81DEA-CA53-444A-AD7B-EAA63777C1F7}.Debug|Any CPU.ActiveCfg = Debug|Any CPU
		{B2E81DEA-CA53-444A-AD7B-EAA63777C1F7}.Debug|Any CPU.Build.0 = Debug|Any CPU
		{B2E81DEA-CA53-444A-AD7B-EAA63777C1F7}.Debug|Mixed Platforms.ActiveCfg = Debug|Any CPU
		{B2E81DEA-CA53-444A-AD7B-EAA63777C1F7}.Debug|Mixed Platforms.Build.0 = Debug|Any CPU
		{B2E81DEA-CA53-444A-AD7B-EAA63777C1F7}.Debug|x86.ActiveCfg = Debug|Any CPU
		{B2E81DEA-CA53-444A-AD7B-EAA63777C1F7}.Release|Any CPU.ActiveCfg = Release|Any CPU
		{B2E81DEA-CA53-444A-AD7B-EAA63777C1F7}.Release|Any CPU.Build.0 = Release|Any CPU
		{B2E81DEA-CA53-444A-AD7B-EAA63777C1F7}.Release|Mixed Platforms.ActiveCfg = Release|Any CPU
		{B2E81DEA-CA53-444A-AD7B-EAA63777C1F7}.Release|Mixed Platforms.Build.0 = Release|Any CPU
		{B2E81DEA-CA53-444A-AD7B-EAA63777C1F7}.Release|x86.ActiveCfg = Release|Any CPU
		{C52CEC73-DB0A-4010-8202-5FBE10AD4F9C}.Debug|Any CPU.ActiveCfg = Debug|Any CPU
		{C52CEC73-DB0A-4010-8202-5FBE10AD4F9C}.Debug|Any CPU.Build.0 = Debug|Any CPU
		{C52CEC73-DB0A-4010-8202-5FBE10AD4F9C}.Debug|Mixed Platforms.ActiveCfg = Debug|Any CPU
		{C52CEC73-DB0A-4010-8202-5FBE10AD4F9C}.Debug|Mixed Platforms.Build.0 = Debug|Any CPU
		{C52CEC73-DB0A-4010-8202-5FBE10AD4F9C}.Debug|x86.ActiveCfg = Debug|Any CPU
		{C52CEC73-DB0A-4010-8202-5FBE10AD4F9C}.Release|Any CPU.ActiveCfg = Release|Any CPU
		{C52CEC73-DB0A-4010-8202-5FBE10AD4F9C}.Release|Any CPU.Build.0 = Release|Any CPU
		{C52CEC73-DB0A-4010-8202-5FBE10AD4F9C}.Release|Mixed Platforms.ActiveCfg = Release|Any CPU
		{C52CEC73-DB0A-4010-8202-5FBE10AD4F9C}.Release|Mixed Platforms.Build.0 = Release|Any CPU
		{C52CEC73-DB0A-4010-8202-5FBE10AD4F9C}.Release|x86.ActiveCfg = Release|Any CPU
		{FD1DB004-06AB-4C9E-B677-57C11885CB67}.Debug|Any CPU.ActiveCfg = Debug|Any CPU
		{FD1DB004-06AB-4C9E-B677-57C11885CB67}.Debug|Any CPU.Build.0 = Debug|Any CPU
		{FD1DB004-06AB-4C9E-B677-57C11885CB67}.Debug|Mixed Platforms.ActiveCfg = Debug|Any CPU
		{FD1DB004-06AB-4C9E-B677-57C11885CB67}.Debug|Mixed Platforms.Build.0 = Debug|Any CPU
		{FD1DB004-06AB-4C9E-B677-57C11885CB67}.Debug|x86.ActiveCfg = Debug|Any CPU
		{FD1DB004-06AB-4C9E-B677-57C11885CB67}.Release|Any CPU.ActiveCfg = Release|Any CPU
		{FD1DB004-06AB-4C9E-B677-57C11885CB67}.Release|Any CPU.Build.0 = Release|Any CPU
		{FD1DB004-06AB-4C9E-B677-57C11885CB67}.Release|Mixed Platforms.ActiveCfg = Release|Any CPU
		{FD1DB004-06AB-4C9E-B677-57C11885CB67}.Release|Mixed Platforms.Build.0 = Release|Any CPU
		{FD1DB004-06AB-4C9E-B677-57C11885CB67}.Release|x86.ActiveCfg = Release|Any CPU
	EndGlobalSection
	GlobalSection(SolutionProperties) = preSolution
		HideSolutionNode = FALSE
	EndGlobalSection
EndGlobal
